// !$*UTF8*$!
{
	archiveVersion = 1;
	classes = {
	};
	objectVersion = 46;
	objects = {

/* Begin PBXBuildFile section */
		DD15CF1E1A62E0DB00812A70 /* AppDelegate.swift in Sources */ = {isa = PBXBuildFile; fileRef = DD15CF1D1A62E0DB00812A70 /* AppDelegate.swift */; };
		DD15CF201A62E0DB00812A70 /* FirstViewController.swift in Sources */ = {isa = PBXBuildFile; fileRef = DD15CF1F1A62E0DB00812A70 /* FirstViewController.swift */; };
		DD15CF221A62E0DB00812A70 /* SecondViewController.swift in Sources */ = {isa = PBXBuildFile; fileRef = DD15CF211A62E0DB00812A70 /* SecondViewController.swift */; };
		DD15CF251A62E0DB00812A70 /* Main.storyboard in Resources */ = {isa = PBXBuildFile; fileRef = DD15CF231A62E0DB00812A70 /* Main.storyboard */; };
		DD15CF271A62E0DB00812A70 /* Images.xcassets in Resources */ = {isa = PBXBuildFile; fileRef = DD15CF261A62E0DB00812A70 /* Images.xcassets */; };
		DD15CF2A1A62E0DB00812A70 /* LaunchScreen.xib in Resources */ = {isa = PBXBuildFile; fileRef = DD15CF281A62E0DB00812A70 /* LaunchScreen.xib */; };
		DD15CF361A62E0DB00812A70 /* Rhymo_iOSTests.swift in Sources */ = {isa = PBXBuildFile; fileRef = DD15CF351A62E0DB00812A70 /* Rhymo_iOSTests.swift */; };
/* End PBXBuildFile section */

/* Begin PBXContainerItemProxy section */
		DD15CF301A62E0DB00812A70 /* PBXContainerItemProxy */ = {
			isa = PBXContainerItemProxy;
			containerPortal = DD15CF101A62E0DB00812A70 /* Project object */;
			proxyType = 1;
			remoteGlobalIDString = DD15CF171A62E0DB00812A70;
			remoteInfo = "Rhymo-iOS";
		};
/* End PBXContainerItemProxy section */

/* Begin PBXFileReference section */
		DD15CF181A62E0DB00812A70 /* Rhymo-iOS.app */ = {isa = PBXFileReference; explicitFileType = wrapper.application; includeInIndex = 0; path = "Rhymo-iOS.app"; sourceTree = BUILT_PRODUCTS_DIR; };
		DD15CF1C1A62E0DB00812A70 /* Info.plist */ = {isa = PBXFileReference; lastKnownFileType = text.plist.xml; path = Info.plist; sourceTree = "<group>"; };
		DD15CF1D1A62E0DB00812A70 /* AppDelegate.swift */ = {isa = PBXFileReference; lastKnownFileType = sourcecode.swift; path = AppDelegate.swift; sourceTree = "<group>"; };
		DD15CF1F1A62E0DB00812A70 /* FirstViewController.swift */ = {isa = PBXFileReference; lastKnownFileType = sourcecode.swift; path = FirstViewController.swift; sourceTree = "<group>"; };
		DD15CF211A62E0DB00812A70 /* SecondViewController.swift */ = {isa = PBXFileReference; lastKnownFileType = sourcecode.swift; path = SecondViewController.swift; sourceTree = "<group>"; };
		DD15CF241A62E0DB00812A70 /* Base */ = {isa = PBXFileReference; lastKnownFileType = file.storyboard; name = Base; path = Base.lproj/Main.storyboard; sourceTree = "<group>"; };
		DD15CF261A62E0DB00812A70 /* Images.xcassets */ = {isa = PBXFileReference; lastKnownFileType = folder.assetcatalog; path = Images.xcassets; sourceTree = "<group>"; };
		DD15CF291A62E0DB00812A70 /* Base */ = {isa = PBXFileReference; lastKnownFileType = file.xib; name = Base; path = Base.lproj/LaunchScreen.xib; sourceTree = "<group>"; };
		DD15CF2F1A62E0DB00812A70 /* Rhymo-iOSTests.xctest */ = {isa = PBXFileReference; explicitFileType = wrapper.cfbundle; includeInIndex = 0; path = "Rhymo-iOSTests.xctest"; sourceTree = BUILT_PRODUCTS_DIR; };
		DD15CF341A62E0DB00812A70 /* Info.plist */ = {isa = PBXFileReference; lastKnownFileType = text.plist.xml; path = Info.plist; sourceTree = "<group>"; };
		DD15CF351A62E0DB00812A70 /* Rhymo_iOSTests.swift */ = {isa = PBXFileReference; lastKnownFileType = sourcecode.swift; path = Rhymo_iOSTests.swift; sourceTree = "<group>"; };
/* End PBXFileReference section */

/* Begin PBXFrameworksBuildPhase section */
		DD15CF151A62E0DB00812A70 /* Frameworks */ = {
			isa = PBXFrameworksBuildPhase;
			buildActionMask = 2147483647;
			files = (
			);
			runOnlyForDeploymentPostprocessing = 0;
		};
		DD15CF2C1A62E0DB00812A70 /* Frameworks */ = {
			isa = PBXFrameworksBuildPhase;
			buildActionMask = 2147483647;
			files = (
			);
			runOnlyForDeploymentPostprocessing = 0;
		};
/* End PBXFrameworksBuildPhase section */

/* Begin PBXGroup section */
		DD15CF0F1A62E0DB00812A70 = {
			isa = PBXGroup;
			children = (
				DD15CF1A1A62E0DB00812A70 /* Rhymo-iOS */,
				DD15CF321A62E0DB00812A70 /* Rhymo-iOSTests */,
				DD15CF191A62E0DB00812A70 /* Products */,
			);
			sourceTree = "<group>";
		};
		DD15CF191A62E0DB00812A70 /* Products */ = {
			isa = PBXGroup;
			children = (
				DD15CF181A62E0DB00812A70 /* Rhymo-iOS.app */,
				DD15CF2F1A62E0DB00812A70 /* Rhymo-iOSTests.xctest */,
			);
			name = Products;
			sourceTree = "<group>";
		};
		DD15CF1A1A62E0DB00812A70 /* Rhymo-iOS */ = {
			isa = PBXGroup;
			children = (
				DD15CF1D1A62E0DB00812A70 /* AppDelegate.swift */,
				DD15CF1F1A62E0DB00812A70 /* FirstViewController.swift */,
				DD15CF211A62E0DB00812A70 /* SecondViewController.swift */,
				DD15CF231A62E0DB00812A70 /* Main.storyboard */,
				DD15CF261A62E0DB00812A70 /* Images.xcassets */,
				DD15CF281A62E0DB00812A70 /* LaunchScreen.xib */,
				DD15CF1B1A62E0DB00812A70 /* Supporting Files */,
			);
			path = "Rhymo-iOS";
			sourceTree = "<group>";
		};
		DD15CF1B1A62E0DB00812A70 /* Supporting Files */ = {
			isa = PBXGroup;
			children = (
				DD15CF1C1A62E0DB00812A70 /* Info.plist */,
			);
			name = "Supporting Files";
			sourceTree = "<group>";
		};
		DD15CF321A62E0DB00812A70 /* Rhymo-iOSTests */ = {
			isa = PBXGroup;
			children = (
				DD15CF351A62E0DB00812A70 /* Rhymo_iOSTests.swift */,
				DD15CF331A62E0DB00812A70 /* Supporting Files */,
			);
			path = "Rhymo-iOSTests";
			sourceTree = "<group>";
		};
		DD15CF331A62E0DB00812A70 /* Supporting Files */ = {
			isa = PBXGroup;
			children = (
				DD15CF341A62E0DB00812A70 /* Info.plist */,
			);
			name = "Supporting Files";
			sourceTree = "<group>";
		};
/* End PBXGroup section */

/* Begin PBXNativeTarget section */
		DD15CF171A62E0DB00812A70 /* Rhymo-iOS */ = {
			isa = PBXNativeTarget;
			buildConfigurationList = DD15CF391A62E0DB00812A70 /* Build configuration list for PBXNativeTarget "Rhymo-iOS" */;
			buildPhases = (
				DD15CF141A62E0DB00812A70 /* Sources */,
				DD15CF151A62E0DB00812A70 /* Frameworks */,
				DD15CF161A62E0DB00812A70 /* Resources */,
			);
			buildRules = (
			);
			dependencies = (
			);
			name = "Rhymo-iOS";
			productName = "Rhymo-iOS";
			productReference = DD15CF181A62E0DB00812A70 /* Rhymo-iOS.app */;
			productType = "com.apple.product-type.application";
		};
		DD15CF2E1A62E0DB00812A70 /* Rhymo-iOSTests */ = {
			isa = PBXNativeTarget;
			buildConfigurationList = DD15CF3C1A62E0DB00812A70 /* Build configuration list for PBXNativeTarget "Rhymo-iOSTests" */;
			buildPhases = (
				DD15CF2B1A62E0DB00812A70 /* Sources */,
				DD15CF2C1A62E0DB00812A70 /* Frameworks */,
				DD15CF2D1A62E0DB00812A70 /* Resources */,
			);
			buildRules = (
			);
			dependencies = (
				DD15CF311A62E0DB00812A70 /* PBXTargetDependency */,
			);
			name = "Rhymo-iOSTests";
			productName = "Rhymo-iOSTests";
			productReference = DD15CF2F1A62E0DB00812A70 /* Rhymo-iOSTests.xctest */;
			productType = "com.apple.product-type.bundle.unit-test";
		};
/* End PBXNativeTarget section */

/* Begin PBXProject section */
		DD15CF101A62E0DB00812A70 /* Project object */ = {
			isa = PBXProject;
			attributes = {
				LastUpgradeCheck = 0610;
				ORGANIZATIONNAME = "Oguz Bilgener";
				TargetAttributes = {
					DD15CF171A62E0DB00812A70 = {
						CreatedOnToolsVersion = 6.1.1;
					};
					DD15CF2E1A62E0DB00812A70 = {
						CreatedOnToolsVersion = 6.1.1;
						TestTargetID = DD15CF171A62E0DB00812A70;
					};
				};
			};
			buildConfigurationList = DD15CF131A62E0DB00812A70 /* Build configuration list for PBXProject "Rhymo-iOS" */;
			compatibilityVersion = "Xcode 3.2";
			developmentRegion = English;
			hasScannedForEncodings = 0;
			knownRegions = (
				en,
				Base,
			);
			mainGroup = DD15CF0F1A62E0DB00812A70;
			productRefGroup = DD15CF191A62E0DB00812A70 /* Products */;
			projectDirPath = "";
			projectRoot = "";
			targets = (
				DD15CF171A62E0DB00812A70 /* Rhymo-iOS */,
				DD15CF2E1A62E0DB00812A70 /* Rhymo-iOSTests */,
			);
		};
/* End PBXProject section */

/* Begin PBXResourcesBuildPhase section */
		DD15CF161A62E0DB00812A70 /* Resources */ = {
			isa = PBXResourcesBuildPhase;
			buildActionMask = 2147483647;
			files = (
				DD15CF251A62E0DB00812A70 /* Main.storyboard in Resources */,
				DD15CF2A1A62E0DB00812A70 /* LaunchScreen.xib in Resources */,
				DD15CF271A62E0DB00812A70 /* Images.xcassets in Resources */,
			);
			runOnlyForDeploymentPostprocessing = 0;
		};
		DD15CF2D1A62E0DB00812A70 /* Resources */ = {
			isa = PBXResourcesBuildPhase;
			buildActionMask = 2147483647;
			files = (
			);
			runOnlyForDeploymentPostprocessing = 0;
		};
/* End PBXResourcesBuildPhase section */

/* Begin PBXSourcesBuildPhase section */
		DD15CF141A62E0DB00812A70 /* Sources */ = {
			isa = PBXSourcesBuildPhase;
			buildActionMask = 2147483647;
			files = (
				DD15CF221A62E0DB00812A70 /* SecondViewController.swift in Sources */,
				DD15CF1E1A62E0DB00812A70 /* AppDelegate.swift in Sources */,
				DD15CF201A62E0DB00812A70 /* FirstViewController.swift in Sources */,
			);
			runOnlyForDeploymentPostprocessing = 0;
		};
		DD15CF2B1A62E0DB00812A70 /* Sources */ = {
			isa = PBXSourcesBuildPhase;
			buildActionMask = 2147483647;
			files = (
				DD15CF361A62E0DB00812A70 /* Rhymo_iOSTests.swift in Sources */,
			);
			runOnlyForDeploymentPostprocessing = 0;
		};
/* End PBXSourcesBuildPhase section */

/* Begin PBXTargetDependency section */
		DD15CF311A62E0DB00812A70 /* PBXTargetDependency */ = {
			isa = PBXTargetDependency;
			target = DD15CF171A62E0DB00812A70 /* Rhymo-iOS */;
			targetProxy = DD15CF301A62E0DB00812A70 /* PBXContainerItemProxy */;
		};
/* End PBXTargetDependency section */

/* Begin PBXVariantGroup section */
		DD15CF231A62E0DB00812A70 /* Main.storyboard */ = {
			isa = PBXVariantGroup;
			children = (
				DD15CF241A62E0DB00812A70 /* Base */,
			);
			name = Main.storyboard;
			sourceTree = "<group>";
		};
		DD15CF281A62E0DB00812A70 /* LaunchScreen.xib */ = {
			isa = PBXVariantGroup;
			children = (
				DD15CF291A62E0DB00812A70 /* Base */,
			);
			name = LaunchScreen.xib;
			sourceTree = "<group>";
		};
/* End PBXVariantGroup section */

/* Begin XCBuildConfiguration section */
		DD15CF371A62E0DB00812A70 /* Debug */ = {
			isa = XCBuildConfiguration;
			buildSettings = {
				ALWAYS_SEARCH_USER_PATHS = NO;
				CLANG_CXX_LANGUAGE_STANDARD = "gnu++0x";
				CLANG_CXX_LIBRARY = "libc++";
				CLANG_ENABLE_MODULES = YES;
				CLANG_ENABLE_OBJC_ARC = YES;
				CLANG_WARN_BOOL_CONVERSION = YES;
				CLANG_WARN_CONSTANT_CONVERSION = YES;
				CLANG_WARN_DIRECT_OBJC_ISA_USAGE = YES_ERROR;
				CLANG_WARN_EMPTY_BODY = YES;
				CLANG_WARN_ENUM_CONVERSION = YES;
				CLANG_WARN_INT_CONVERSION = YES;
				CLANG_WARN_OBJC_ROOT_CLASS = YES_ERROR;
				CLANG_WARN_UNREACHABLE_CODE = YES;
				CLANG_WARN__DUPLICATE_METHOD_MATCH = YES;
				"CODE_SIGN_IDENTITY[sdk=iphoneos*]" = "iPhone Developer";
				COPY_PHASE_STRIP = NO;
				ENABLE_STRICT_OBJC_MSGSEND = YES;
				GCC_C_LANGUAGE_STANDARD = gnu99;
				GCC_DYNAMIC_NO_PIC = NO;
				GCC_OPTIMIZATION_LEVEL = 0;
				GCC_PREPROCESSOR_DEFINITIONS = (
					"DEBUG=1",
					"$(inherited)",
				);
				GCC_SYMBOLS_PRIVATE_EXTERN = NO;
				GCC_WARN_64_TO_32_BIT_CONVERSION = YES;
				GCC_WARN_ABOUT_RETURN_TYPE = YES_ERROR;
				GCC_WARN_UNDECLARED_SELECTOR = YES;
				GCC_WARN_UNINITIALIZED_AUTOS = YES_AGGRESSIVE;
				GCC_WARN_UNUSED_FUNCTION = YES;
				GCC_WARN_UNUSED_VARIABLE = YES;
				IPHONEOS_DEPLOYMENT_TARGET = 8.1;
				MTL_ENABLE_DEBUG_INFO = YES;
				ONLY_ACTIVE_ARCH = YES;
				SDKROOT = iphoneos;
				SWIFT_OPTIMIZATION_LEVEL = "-Onone";
			};
			name = Debug;
		};
		DD15CF381A62E0DB00812A70 /* Release */ = {
			isa = XCBuildConfiguration;
			buildSettings = {
				ALWAYS_SEARCH_USER_PATHS = NO;
				CLANG_CXX_LANGUAGE_STANDARD = "gnu++0x";
				CLANG_CXX_LIBRARY = "libc++";
				CLANG_ENABLE_MODULES = YES;
				CLANG_ENABLE_OBJC_ARC = YES;
				CLANG_WARN_BOOL_CONVERSION = YES;
				CLANG_WARN_CONSTANT_CONVERSION = YES;
				CLANG_WARN_DIRECT_OBJC_ISA_USAGE = YES_ERROR;
				CLANG_WARN_EMPTY_BODY = YES;
				CLANG_WARN_ENUM_CONVERSION = YES;
				CLANG_WARN_INT_CONVERSION = YES;
				CLANG_WARN_OBJC_ROOT_CLASS = YES_ERROR;
				CLANG_WARN_UNREACHABLE_CODE = YES;
				CLANG_WARN__DUPLICATE_METHOD_MATCH = YES;
				"CODE_SIGN_IDENTITY[sdk=iphoneos*]" = "iPhone Developer";
				COPY_PHASE_STRIP = YES;
				ENABLE_NS_ASSERTIONS = NO;
				ENABLE_STRICT_OBJC_MSGSEND = YES;
				GCC_C_LANGUAGE_STANDARD = gnu99;
				GCC_WARN_64_TO_32_BIT_CONVERSION = YES;
				GCC_WARN_ABOUT_RETURN_TYPE = YES_ERROR;
				GCC_WARN_UNDECLARED_SELECTOR = YES;
				GCC_WARN_UNINITIALIZED_AUTOS = YES_AGGRESSIVE;
				GCC_WARN_UNUSED_FUNCTION = YES;
				GCC_WARN_UNUSED_VARIABLE = YES;
				IPHONEOS_DEPLOYMENT_TARGET = 8.1;
				MTL_ENABLE_DEBUG_INFO = NO;
				SDKROOT = iphoneos;
				VALIDATE_PRODUCT = YES;
			};
			name = Release;
		};
		DD15CF3A1A62E0DB00812A70 /* Debug */ = {
			isa = XCBuildConfiguration;
			buildSettings = {
				ASSETCATALOG_COMPILER_APPICON_NAME = AppIcon;
				INFOPLIST_FILE = "Rhymo-iOS/Info.plist";
				LD_RUNPATH_SEARCH_PATHS = "$(inherited) @executable_path/Frameworks";
				PRODUCT_NAME = "$(TARGET_NAME)";
			};
			name = Debug;
		};
		DD15CF3B1A62E0DB00812A70 /* Release */ = {
			isa = XCBuildConfiguration;
			buildSettings = {
				ASSETCATALOG_COMPILER_APPICON_NAME = AppIcon;
				INFOPLIST_FILE = "Rhymo-iOS/Info.plist";
				LD_RUNPATH_SEARCH_PATHS = "$(inherited) @executable_path/Frameworks";
				PRODUCT_NAME = "$(TARGET_NAME)";
			};
			name = Release;
		};
		DD15CF3D1A62E0DB00812A70 /* Debug */ = {
			isa = XCBuildConfiguration;
			buildSettings = {
				BUNDLE_LOADER = "$(TEST_HOST)";
				FRAMEWORK_SEARCH_PATHS = (
					"$(SDKROOT)/Developer/Library/Frameworks",
					"$(inherited)",
				);
				GCC_PREPROCESSOR_DEFINITIONS = (
					"DEBUG=1",
					"$(inherited)",
				);
				INFOPLIST_FILE = "Rhymo-iOSTests/Info.plist";
				LD_RUNPATH_SEARCH_PATHS = "$(inherited) @executable_path/Frameworks @loader_path/Frameworks";
				PRODUCT_NAME = "$(TARGET_NAME)";
				TEST_HOST = "$(BUILT_PRODUCTS_DIR)/Rhymo-iOS.app/Rhymo-iOS";
			};
			name = Debug;
		};
		DD15CF3E1A62E0DB00812A70 /* Release */ = {
			isa = XCBuildConfiguration;
			buildSettings = {
				BUNDLE_LOADER = "$(TEST_HOST)";
				FRAMEWORK_SEARCH_PATHS = (
					"$(SDKROOT)/Developer/Library/Frameworks",
					"$(inherited)",
				);
				INFOPLIST_FILE = "Rhymo-iOSTests/Info.plist";
				LD_RUNPATH_SEARCH_PATHS = "$(inherited) @executable_path/Frameworks @loader_path/Frameworks";
				PRODUCT_NAME = "$(TARGET_NAME)";
				TEST_HOST = "$(BUILT_PRODUCTS_DIR)/Rhymo-iOS.app/Rhymo-iOS";
			};
			name = Release;
		};
/* End XCBuildConfiguration section */

/* Begin XCConfigurationList section */
		DD15CF131A62E0DB00812A70 /* Build configuration list for PBXProject "Rhymo-iOS" */ = {
			isa = XCConfigurationList;
			buildConfigurations = (
				DD15CF371A62E0DB00812A70 /* Debug */,
				DD15CF381A62E0DB00812A70 /* Release */,
			);
			defaultConfigurationIsVisible = 0;
			defaultConfigurationName = Release;
		};
		DD15CF391A62E0DB00812A70 /* Build configuration list for PBXNativeTarget "Rhymo-iOS" */ = {
			isa = XCConfigurationList;
			buildConfigurations = (
				DD15CF3A1A62E0DB00812A70 /* Debug */,
				DD15CF3B1A62E0DB00812A70 /* Release */,
			);
			defaultConfigurationIsVisible = 0;
		};
		DD15CF3C1A62E0DB00812A70 /* Build configuration list for PBXNativeTarget "Rhymo-iOSTests" */ = {
			isa = XCConfigurationList;
			buildConfigurations = (
				DD15CF3D1A62E0DB00812A70 /* Debug */,
				DD15CF3E1A62E0DB00812A70 /* Release */,
			);
			defaultConfigurationIsVisible = 0;
		};
/* End XCConfigurationList section */
	};
	rootObject = DD15CF101A62E0DB00812A70 /* Project object */;
}
