// !$*UTF8*$!
{
	archiveVersion = 1;
	classes = {
	};
	objectVersion = 46;
	objects = {

/* Begin PBXBuildFile section */
		95CE0E6633DCBA8F5F39E8A4 /* Pods_Rhymo_iOS.framework in Frameworks */ = {isa = PBXBuildFile; fileRef = E1F02D650142FCEEAED539E2 /* Pods_Rhymo_iOS.framework */; settings = {ATTRIBUTES = (Weak, ); }; };
		DD15CF1E1A62E0DB00812A70 /* AppDelegate.swift in Sources */ = {isa = PBXBuildFile; fileRef = DD15CF1D1A62E0DB00812A70 /* AppDelegate.swift */; };
		DD15CF251A62E0DB00812A70 /* Main.storyboard in Resources */ = {isa = PBXBuildFile; fileRef = DD15CF231A62E0DB00812A70 /* Main.storyboard */; };
		DD15CF271A62E0DB00812A70 /* Images.xcassets in Resources */ = {isa = PBXBuildFile; fileRef = DD15CF261A62E0DB00812A70 /* Images.xcassets */; };
		DD15CF2A1A62E0DB00812A70 /* LaunchScreen.xib in Resources */ = {isa = PBXBuildFile; fileRef = DD15CF281A62E0DB00812A70 /* LaunchScreen.xib */; };
		DD15CF361A62E0DB00812A70 /* Rhymo_iOSTests.swift in Sources */ = {isa = PBXBuildFile; fileRef = DD15CF351A62E0DB00812A70 /* Rhymo_iOSTests.swift */; };
		DD15CF431A62E75C00812A70 /* RhymoClient.swift in Sources */ = {isa = PBXBuildFile; fileRef = DD15CF421A62E75C00812A70 /* RhymoClient.swift */; };
		DD15CF461A62E84B00812A70 /* User.swift in Sources */ = {isa = PBXBuildFile; fileRef = DD15CF451A62E84B00812A70 /* User.swift */; };
		DD2174051A63E7FB0061D86F /* LineTextField.swift in Sources */ = {isa = PBXBuildFile; fileRef = DD2174041A63E7FB0061D86F /* LineTextField.swift */; };
		DD29BF301A65AF7700FC4EA3 /* Encryption.swift in Sources */ = {isa = PBXBuildFile; fileRef = DD29BF2F1A65AF7700FC4EA3 /* Encryption.swift */; };
		DD30F8021A632CFE0033EB63 /* LandingInteractor.swift in Sources */ = {isa = PBXBuildFile; fileRef = DD30F8011A632CFD0033EB63 /* LandingInteractor.swift */; };
		DD30F8041A6331080033EB63 /* LoginWireframe.swift in Sources */ = {isa = PBXBuildFile; fileRef = DD30F8031A6331080033EB63 /* LoginWireframe.swift */; };
		DD30F8061A6331210033EB63 /* RegisterWireframe.swift in Sources */ = {isa = PBXBuildFile; fileRef = DD30F8051A6331210033EB63 /* RegisterWireframe.swift */; };
		DD30F8081A6331700033EB63 /* LoginViewController.swift in Sources */ = {isa = PBXBuildFile; fileRef = DD30F8071A6331700033EB63 /* LoginViewController.swift */; };
		DD30F80A1A63318F0033EB63 /* RegisterViewController.swift in Sources */ = {isa = PBXBuildFile; fileRef = DD30F8091A63318F0033EB63 /* RegisterViewController.swift */; };
		DD30F80C1A6333190033EB63 /* LoginPresenter.swift in Sources */ = {isa = PBXBuildFile; fileRef = DD30F80B1A6333190033EB63 /* LoginPresenter.swift */; };
		DD30F80E1A63335F0033EB63 /* LoginInteractor.swift in Sources */ = {isa = PBXBuildFile; fileRef = DD30F80D1A63335F0033EB63 /* LoginInteractor.swift */; };
		DD3646BC1A646E17008CA1B6 /* VenuesListPresenter.swift in Sources */ = {isa = PBXBuildFile; fileRef = DD3646BB1A646E17008CA1B6 /* VenuesListPresenter.swift */; };
		DD3646BE1A648708008CA1B6 /* VenuesListViewController.swift in Sources */ = {isa = PBXBuildFile; fileRef = DD3646BD1A648708008CA1B6 /* VenuesListViewController.swift */; };
		DD3646C01A648786008CA1B6 /* VenuesListInteractor.swift in Sources */ = {isa = PBXBuildFile; fileRef = DD3646BF1A648786008CA1B6 /* VenuesListInteractor.swift */; };
		DD470CFD1A63C59D0082F33D /* BaseInteractor.swift in Sources */ = {isa = PBXBuildFile; fileRef = DD470CFC1A63C59D0082F33D /* BaseInteractor.swift */; };
		DD470CFF1A63C7AE0082F33D /* BasePresenter.swift in Sources */ = {isa = PBXBuildFile; fileRef = DD470CFE1A63C7AE0082F33D /* BasePresenter.swift */; };
		DD470D011A63C8350082F33D /* LoginContent.xib in Resources */ = {isa = PBXBuildFile; fileRef = DD470D001A63C8350082F33D /* LoginContent.xib */; };
		DD75F9E61A6B2E18009A4E9E /* SearchTrackCell.swift in Sources */ = {isa = PBXBuildFile; fileRef = DD75F9E51A6B2E18009A4E9E /* SearchTrackCell.swift */; };
		DD7B2AD41A69CABE00A21780 /* UIImageEffects.m in Sources */ = {isa = PBXBuildFile; fileRef = DD7B2AD31A69CABE00A21780 /* UIImageEffects.m */; };
		DD7B2AD61A69DC9E00A21780 /* TrackCell.swift in Sources */ = {isa = PBXBuildFile; fileRef = DD7B2AD51A69DC9D00A21780 /* TrackCell.swift */; };
		DD7BFDD81A6308DE009ADC4F /* AppDependencies.swift in Sources */ = {isa = PBXBuildFile; fileRef = DD7BFDD71A6308DE009ADC4F /* AppDependencies.swift */; };
		DD7BFDE21A630BBB009ADC4F /* AuthWireframe.swift in Sources */ = {isa = PBXBuildFile; fileRef = DD7BFDE11A630BBB009ADC4F /* AuthWireframe.swift */; };
		DD7BFDE41A630BE6009ADC4F /* RootWireframe.swift in Sources */ = {isa = PBXBuildFile; fileRef = DD7BFDE31A630BE6009ADC4F /* RootWireframe.swift */; };
		DDA4313E1A65359300513755 /* UIColorExtension.swift in Sources */ = {isa = PBXBuildFile; fileRef = DDA4313D1A65359300513755 /* UIColorExtension.swift */; };
		DDA431401A6558B500513755 /* VenuesListRefreshControl.swift in Sources */ = {isa = PBXBuildFile; fileRef = DDA4313F1A6558B500513755 /* VenuesListRefreshControl.swift */; };
		DDAA4ECB1A666D1D00CF0C82 /* VenueCell.swift in Sources */ = {isa = PBXBuildFile; fileRef = DDAA4ECA1A666D1D00CF0C82 /* VenueCell.swift */; };
		DDAAD7B51A6AB4A400355C71 /* SearchTracksViewController.swift in Sources */ = {isa = PBXBuildFile; fileRef = DDAAD7B41A6AB4A400355C71 /* SearchTracksViewController.swift */; };
		DDAAD7B71A6AD10000355C71 /* SearchTracksWireframe.swift in Sources */ = {isa = PBXBuildFile; fileRef = DDAAD7B61A6AD10000355C71 /* SearchTracksWireframe.swift */; };
		DDAAD7B91A6AD1B400355C71 /* SearchTracksPresenter.swift in Sources */ = {isa = PBXBuildFile; fileRef = DDAAD7B81A6AD1B400355C71 /* SearchTracksPresenter.swift */; };
		DDAAD7BB1A6AD33400355C71 /* SearchTracksInteractor.swift in Sources */ = {isa = PBXBuildFile; fileRef = DDAAD7BA1A6AD33400355C71 /* SearchTracksInteractor.swift */; };
		DDCC3BED1A668C3400071EDB /* MapKit.framework in Frameworks */ = {isa = PBXBuildFile; fileRef = DDCC3BEC1A668C3400071EDB /* MapKit.framework */; };
		DDCC3BEF1A66924E00071EDB /* VenuesListHeader.xib in Resources */ = {isa = PBXBuildFile; fileRef = DDCC3BEE1A66924E00071EDB /* VenuesListHeader.xib */; };
		DDCC3BF11A6699D800071EDB /* VenuesSectionHeader.xib in Resources */ = {isa = PBXBuildFile; fileRef = DDCC3BF01A6699D800071EDB /* VenuesSectionHeader.xib */; };
		DDCD68E21A6435990079089F /* AuthCompleteTransition.swift in Sources */ = {isa = PBXBuildFile; fileRef = DDCD68E11A6435990079089F /* AuthCompleteTransition.swift */; };
		DDCD68E41A6436430079089F /* BaseViewController.swift in Sources */ = {isa = PBXBuildFile; fileRef = DDCD68E31A6436430079089F /* BaseViewController.swift */; };
		DDD258AF1A66E0CE008FD58B /* VenueDetailsViewController.swift in Sources */ = {isa = PBXBuildFile; fileRef = DDD258AE1A66E0CE008FD58B /* VenueDetailsViewController.swift */; };
		DDD258B11A66E0E9008FD58B /* VenueDetailsInteractor.swift in Sources */ = {isa = PBXBuildFile; fileRef = DDD258B01A66E0E9008FD58B /* VenueDetailsInteractor.swift */; };
		DDD258B31A66E0FF008FD58B /* VenueDetailsPresenter.swift in Sources */ = {isa = PBXBuildFile; fileRef = DDD258B21A66E0FF008FD58B /* VenueDetailsPresenter.swift */; };
		DDD258B51A66E119008FD58B /* VenueDetailsWireframe.swift in Sources */ = {isa = PBXBuildFile; fileRef = DDD258B41A66E119008FD58B /* VenueDetailsWireframe.swift */; };
		DDDE30921A6A6C4F001F33F3 /* TracksSectionHeader.xib in Resources */ = {isa = PBXBuildFile; fileRef = DDDE30911A6A6C4F001F33F3 /* TracksSectionHeader.xib */; };
		DDDE30941A6A7207001F33F3 /* RhymoSocket.swift in Sources */ = {isa = PBXBuildFile; fileRef = DDDE30931A6A7207001F33F3 /* RhymoSocket.swift */; };
		DDDE30961A6A7398001F33F3 /* Track.swift in Sources */ = {isa = PBXBuildFile; fileRef = DDDE30951A6A7398001F33F3 /* Track.swift */; };
		DDDE30981A6A73C5001F33F3 /* PlaylistTrack.swift in Sources */ = {isa = PBXBuildFile; fileRef = DDDE30971A6A73C5001F33F3 /* PlaylistTrack.swift */; };
		DDE410511A630DD8008D9A13 /* HomeViewController.swift in Sources */ = {isa = PBXBuildFile; fileRef = DDE410501A630DD8008D9A13 /* HomeViewController.swift */; };
		DDE410531A630E00008D9A13 /* LandingViewController.swift in Sources */ = {isa = PBXBuildFile; fileRef = DDE410521A630E00008D9A13 /* LandingViewController.swift */; };
		DDE410551A630EA5008D9A13 /* HomeWireframe.swift in Sources */ = {isa = PBXBuildFile; fileRef = DDE410541A630EA5008D9A13 /* HomeWireframe.swift */; };
		DDE410571A6313C5008D9A13 /* BaseWireframe.swift in Sources */ = {isa = PBXBuildFile; fileRef = DDE410561A6313C5008D9A13 /* BaseWireframe.swift */; };
		DDE410591A632776008D9A13 /* SolidButton.swift in Sources */ = {isa = PBXBuildFile; fileRef = DDE410581A632776008D9A13 /* SolidButton.swift */; };
		DDE4105C1A63292D008D9A13 /* LandingPresenter.swift in Sources */ = {isa = PBXBuildFile; fileRef = DDE4105B1A63292D008D9A13 /* LandingPresenter.swift */; };
		DDFDD9A41A65661B001F4AFA /* CoreLocation.framework in Frameworks */ = {isa = PBXBuildFile; fileRef = DDFDD9A31A65661B001F4AFA /* CoreLocation.framework */; };
		DDFDD9A61A658B85001F4AFA /* Venue.swift in Sources */ = {isa = PBXBuildFile; fileRef = DDFDD9A51A658B85001F4AFA /* Venue.swift */; };
		DDFDD9A81A658C77001F4AFA /* Point.swift in Sources */ = {isa = PBXBuildFile; fileRef = DDFDD9A71A658C77001F4AFA /* Point.swift */; };
/* End PBXBuildFile section */

/* Begin PBXContainerItemProxy section */
		DD15CF301A62E0DB00812A70 /* PBXContainerItemProxy */ = {
			isa = PBXContainerItemProxy;
			containerPortal = DD15CF101A62E0DB00812A70 /* Project object */;
			proxyType = 1;
			remoteGlobalIDString = DD15CF171A62E0DB00812A70;
			remoteInfo = "Rhymo-iOS";
		};
/* End PBXContainerItemProxy section */

/* Begin PBXFileReference section */
		5FDD20034E803DD162ABF232 /* Pods-Rhymo-iOS.debug.xcconfig */ = {isa = PBXFileReference; includeInIndex = 1; lastKnownFileType = text.xcconfig; name = "Pods-Rhymo-iOS.debug.xcconfig"; path = "Pods/Target Support Files/Pods-Rhymo-iOS/Pods-Rhymo-iOS.debug.xcconfig"; sourceTree = "<group>"; };
		8DD5EB6CCD74D2441677259E /* Pods-Rhymo-iOS.release.xcconfig */ = {isa = PBXFileReference; includeInIndex = 1; lastKnownFileType = text.xcconfig; name = "Pods-Rhymo-iOS.release.xcconfig"; path = "Pods/Target Support Files/Pods-Rhymo-iOS/Pods-Rhymo-iOS.release.xcconfig"; sourceTree = "<group>"; };
		DD15CF181A62E0DB00812A70 /* Rhymo-iOS.app */ = {isa = PBXFileReference; explicitFileType = wrapper.application; includeInIndex = 0; path = "Rhymo-iOS.app"; sourceTree = BUILT_PRODUCTS_DIR; };
		DD15CF1C1A62E0DB00812A70 /* Info.plist */ = {isa = PBXFileReference; lastKnownFileType = text.plist.xml; path = Info.plist; sourceTree = "<group>"; };
		DD15CF1D1A62E0DB00812A70 /* AppDelegate.swift */ = {isa = PBXFileReference; lastKnownFileType = sourcecode.swift; path = AppDelegate.swift; sourceTree = "<group>"; };
		DD15CF241A62E0DB00812A70 /* Base */ = {isa = PBXFileReference; lastKnownFileType = file.storyboard; name = Base; path = Base.lproj/Main.storyboard; sourceTree = "<group>"; };
		DD15CF261A62E0DB00812A70 /* Images.xcassets */ = {isa = PBXFileReference; lastKnownFileType = folder.assetcatalog; path = Images.xcassets; sourceTree = "<group>"; };
		DD15CF291A62E0DB00812A70 /* Base */ = {isa = PBXFileReference; lastKnownFileType = file.xib; name = Base; path = Base.lproj/LaunchScreen.xib; sourceTree = "<group>"; };
		DD15CF2F1A62E0DB00812A70 /* Rhymo-iOSTests.xctest */ = {isa = PBXFileReference; explicitFileType = wrapper.cfbundle; includeInIndex = 0; path = "Rhymo-iOSTests.xctest"; sourceTree = BUILT_PRODUCTS_DIR; };
		DD15CF341A62E0DB00812A70 /* Info.plist */ = {isa = PBXFileReference; lastKnownFileType = text.plist.xml; path = Info.plist; sourceTree = "<group>"; };
		DD15CF351A62E0DB00812A70 /* Rhymo_iOSTests.swift */ = {isa = PBXFileReference; lastKnownFileType = sourcecode.swift; path = Rhymo_iOSTests.swift; sourceTree = "<group>"; };
		DD15CF401A62E65900812A70 /* Rhymo-iOS-Bridging-Header.h */ = {isa = PBXFileReference; fileEncoding = 4; lastKnownFileType = sourcecode.c.h; path = "Rhymo-iOS-Bridging-Header.h"; sourceTree = "<group>"; };
		DD15CF421A62E75C00812A70 /* RhymoClient.swift */ = {isa = PBXFileReference; fileEncoding = 4; lastKnownFileType = sourcecode.swift; name = RhymoClient.swift; path = RhymoClient/RhymoClient.swift; sourceTree = "<group>"; };
		DD15CF451A62E84B00812A70 /* User.swift */ = {isa = PBXFileReference; fileEncoding = 4; lastKnownFileType = sourcecode.swift; path = User.swift; sourceTree = "<group>"; };
		DD2174041A63E7FB0061D86F /* LineTextField.swift */ = {isa = PBXFileReference; fileEncoding = 4; lastKnownFileType = sourcecode.swift; name = LineTextField.swift; path = View/LineTextField.swift; sourceTree = "<group>"; };
		DD29BF2F1A65AF7700FC4EA3 /* Encryption.swift */ = {isa = PBXFileReference; fileEncoding = 4; lastKnownFileType = sourcecode.swift; name = Encryption.swift; path = RhymoClient/Encryption.swift; sourceTree = "<group>"; };
		DD30F8011A632CFD0033EB63 /* LandingInteractor.swift */ = {isa = PBXFileReference; fileEncoding = 4; lastKnownFileType = sourcecode.swift; name = LandingInteractor.swift; path = Interactor/LandingInteractor.swift; sourceTree = "<group>"; };
		DD30F8031A6331080033EB63 /* LoginWireframe.swift */ = {isa = PBXFileReference; fileEncoding = 4; lastKnownFileType = sourcecode.swift; name = LoginWireframe.swift; path = Wireframe/LoginWireframe.swift; sourceTree = "<group>"; };
		DD30F8051A6331210033EB63 /* RegisterWireframe.swift */ = {isa = PBXFileReference; fileEncoding = 4; lastKnownFileType = sourcecode.swift; name = RegisterWireframe.swift; path = Wireframe/RegisterWireframe.swift; sourceTree = "<group>"; };
		DD30F8071A6331700033EB63 /* LoginViewController.swift */ = {isa = PBXFileReference; fileEncoding = 4; lastKnownFileType = sourcecode.swift; name = LoginViewController.swift; path = ViewController/LoginViewController.swift; sourceTree = "<group>"; };
		DD30F8091A63318F0033EB63 /* RegisterViewController.swift */ = {isa = PBXFileReference; fileEncoding = 4; lastKnownFileType = sourcecode.swift; name = RegisterViewController.swift; path = ViewController/RegisterViewController.swift; sourceTree = "<group>"; };
		DD30F80B1A6333190033EB63 /* LoginPresenter.swift */ = {isa = PBXFileReference; fileEncoding = 4; lastKnownFileType = sourcecode.swift; name = LoginPresenter.swift; path = Presenter/LoginPresenter.swift; sourceTree = "<group>"; };
		DD30F80D1A63335F0033EB63 /* LoginInteractor.swift */ = {isa = PBXFileReference; fileEncoding = 4; lastKnownFileType = sourcecode.swift; name = LoginInteractor.swift; path = Interactor/LoginInteractor.swift; sourceTree = "<group>"; };
		DD3646BB1A646E17008CA1B6 /* VenuesListPresenter.swift */ = {isa = PBXFileReference; fileEncoding = 4; lastKnownFileType = sourcecode.swift; name = VenuesListPresenter.swift; path = Presenter/VenuesListPresenter.swift; sourceTree = "<group>"; };
		DD3646BD1A648708008CA1B6 /* VenuesListViewController.swift */ = {isa = PBXFileReference; fileEncoding = 4; lastKnownFileType = sourcecode.swift; name = VenuesListViewController.swift; path = ViewController/VenuesListViewController.swift; sourceTree = "<group>"; };
		DD3646BF1A648786008CA1B6 /* VenuesListInteractor.swift */ = {isa = PBXFileReference; fileEncoding = 4; lastKnownFileType = sourcecode.swift; name = VenuesListInteractor.swift; path = Interactor/VenuesListInteractor.swift; sourceTree = "<group>"; };
		DD470CFC1A63C59D0082F33D /* BaseInteractor.swift */ = {isa = PBXFileReference; fileEncoding = 4; lastKnownFileType = sourcecode.swift; name = BaseInteractor.swift; path = Interactor/BaseInteractor.swift; sourceTree = "<group>"; };
		DD470CFE1A63C7AE0082F33D /* BasePresenter.swift */ = {isa = PBXFileReference; fileEncoding = 4; lastKnownFileType = sourcecode.swift; name = BasePresenter.swift; path = Presenter/BasePresenter.swift; sourceTree = "<group>"; };
		DD470D001A63C8350082F33D /* LoginContent.xib */ = {isa = PBXFileReference; fileEncoding = 4; lastKnownFileType = file.xib; name = LoginContent.xib; path = View/LoginContent.xib; sourceTree = "<group>"; };
		DD75F9E51A6B2E18009A4E9E /* SearchTrackCell.swift */ = {isa = PBXFileReference; fileEncoding = 4; lastKnownFileType = sourcecode.swift; name = SearchTrackCell.swift; path = View/SearchTrackCell.swift; sourceTree = "<group>"; };
		DD7B2AD21A69CABE00A21780 /* UIImageEffects.h */ = {isa = PBXFileReference; fileEncoding = 4; lastKnownFileType = sourcecode.c.h; path = UIImageEffects.h; sourceTree = "<group>"; };
		DD7B2AD31A69CABE00A21780 /* UIImageEffects.m */ = {isa = PBXFileReference; fileEncoding = 4; lastKnownFileType = sourcecode.c.objc; path = UIImageEffects.m; sourceTree = "<group>"; };
		DD7B2AD51A69DC9D00A21780 /* TrackCell.swift */ = {isa = PBXFileReference; fileEncoding = 4; lastKnownFileType = sourcecode.swift; name = TrackCell.swift; path = View/TrackCell.swift; sourceTree = "<group>"; };
		DD7BFDD71A6308DE009ADC4F /* AppDependencies.swift */ = {isa = PBXFileReference; fileEncoding = 4; lastKnownFileType = sourcecode.swift; path = AppDependencies.swift; sourceTree = "<group>"; };
		DD7BFDE11A630BBB009ADC4F /* AuthWireframe.swift */ = {isa = PBXFileReference; fileEncoding = 4; lastKnownFileType = sourcecode.swift; name = AuthWireframe.swift; path = Wireframe/AuthWireframe.swift; sourceTree = "<group>"; };
		DD7BFDE31A630BE6009ADC4F /* RootWireframe.swift */ = {isa = PBXFileReference; fileEncoding = 4; lastKnownFileType = sourcecode.swift; name = RootWireframe.swift; path = Wireframe/RootWireframe.swift; sourceTree = "<group>"; };
		DDA4313D1A65359300513755 /* UIColorExtension.swift */ = {isa = PBXFileReference; fileEncoding = 4; lastKnownFileType = sourcecode.swift; name = UIColorExtension.swift; path = ThirdParty/UIColorExtension.swift; sourceTree = "<group>"; };
		DDA4313F1A6558B500513755 /* VenuesListRefreshControl.swift */ = {isa = PBXFileReference; fileEncoding = 4; lastKnownFileType = sourcecode.swift; name = VenuesListRefreshControl.swift; path = View/VenuesListRefreshControl.swift; sourceTree = "<group>"; };
		DDAA4ECA1A666D1D00CF0C82 /* VenueCell.swift */ = {isa = PBXFileReference; fileEncoding = 4; lastKnownFileType = sourcecode.swift; name = VenueCell.swift; path = View/VenueCell.swift; sourceTree = "<group>"; };
		DDAAD7B41A6AB4A400355C71 /* SearchTracksViewController.swift */ = {isa = PBXFileReference; fileEncoding = 4; lastKnownFileType = sourcecode.swift; name = SearchTracksViewController.swift; path = ViewController/SearchTracksViewController.swift; sourceTree = "<group>"; };
		DDAAD7B61A6AD10000355C71 /* SearchTracksWireframe.swift */ = {isa = PBXFileReference; fileEncoding = 4; lastKnownFileType = sourcecode.swift; name = SearchTracksWireframe.swift; path = Wireframe/SearchTracksWireframe.swift; sourceTree = "<group>"; };
		DDAAD7B81A6AD1B400355C71 /* SearchTracksPresenter.swift */ = {isa = PBXFileReference; fileEncoding = 4; lastKnownFileType = sourcecode.swift; name = SearchTracksPresenter.swift; path = Presenter/SearchTracksPresenter.swift; sourceTree = "<group>"; };
		DDAAD7BA1A6AD33400355C71 /* SearchTracksInteractor.swift */ = {isa = PBXFileReference; fileEncoding = 4; lastKnownFileType = sourcecode.swift; name = SearchTracksInteractor.swift; path = Interactor/SearchTracksInteractor.swift; sourceTree = "<group>"; };
		DDCC3BEC1A668C3400071EDB /* MapKit.framework */ = {isa = PBXFileReference; lastKnownFileType = wrapper.framework; name = MapKit.framework; path = System/Library/Frameworks/MapKit.framework; sourceTree = SDKROOT; };
		DDCC3BEE1A66924E00071EDB /* VenuesListHeader.xib */ = {isa = PBXFileReference; fileEncoding = 4; lastKnownFileType = file.xib; name = VenuesListHeader.xib; path = View/VenuesListHeader.xib; sourceTree = "<group>"; };
		DDCC3BF01A6699D800071EDB /* VenuesSectionHeader.xib */ = {isa = PBXFileReference; fileEncoding = 4; lastKnownFileType = file.xib; name = VenuesSectionHeader.xib; path = View/VenuesSectionHeader.xib; sourceTree = "<group>"; };
		DDCD68E11A6435990079089F /* AuthCompleteTransition.swift */ = {isa = PBXFileReference; fileEncoding = 4; lastKnownFileType = sourcecode.swift; name = AuthCompleteTransition.swift; path = Transition/AuthCompleteTransition.swift; sourceTree = "<group>"; };
		DDCD68E31A6436430079089F /* BaseViewController.swift */ = {isa = PBXFileReference; fileEncoding = 4; lastKnownFileType = sourcecode.swift; name = BaseViewController.swift; path = ViewController/BaseViewController.swift; sourceTree = "<group>"; };
		DDD258AE1A66E0CE008FD58B /* VenueDetailsViewController.swift */ = {isa = PBXFileReference; fileEncoding = 4; lastKnownFileType = sourcecode.swift; name = VenueDetailsViewController.swift; path = ViewController/VenueDetailsViewController.swift; sourceTree = "<group>"; };
		DDD258B01A66E0E9008FD58B /* VenueDetailsInteractor.swift */ = {isa = PBXFileReference; fileEncoding = 4; lastKnownFileType = sourcecode.swift; name = VenueDetailsInteractor.swift; path = Interactor/VenueDetailsInteractor.swift; sourceTree = "<group>"; };
		DDD258B21A66E0FF008FD58B /* VenueDetailsPresenter.swift */ = {isa = PBXFileReference; fileEncoding = 4; lastKnownFileType = sourcecode.swift; name = VenueDetailsPresenter.swift; path = Presenter/VenueDetailsPresenter.swift; sourceTree = "<group>"; };
		DDD258B41A66E119008FD58B /* VenueDetailsWireframe.swift */ = {isa = PBXFileReference; fileEncoding = 4; lastKnownFileType = sourcecode.swift; name = VenueDetailsWireframe.swift; path = Wireframe/VenueDetailsWireframe.swift; sourceTree = "<group>"; };
		DDDE30911A6A6C4F001F33F3 /* TracksSectionHeader.xib */ = {isa = PBXFileReference; fileEncoding = 4; lastKnownFileType = file.xib; name = TracksSectionHeader.xib; path = View/TracksSectionHeader.xib; sourceTree = "<group>"; };
		DDDE30931A6A7207001F33F3 /* RhymoSocket.swift */ = {isa = PBXFileReference; fileEncoding = 4; lastKnownFileType = sourcecode.swift; name = RhymoSocket.swift; path = RhymoClient/RhymoSocket.swift; sourceTree = "<group>"; };
		DDDE30951A6A7398001F33F3 /* Track.swift */ = {isa = PBXFileReference; fileEncoding = 4; lastKnownFileType = sourcecode.swift; path = Track.swift; sourceTree = "<group>"; };
		DDDE30971A6A73C5001F33F3 /* PlaylistTrack.swift */ = {isa = PBXFileReference; fileEncoding = 4; lastKnownFileType = sourcecode.swift; path = PlaylistTrack.swift; sourceTree = "<group>"; };
		DDE410501A630DD8008D9A13 /* HomeViewController.swift */ = {isa = PBXFileReference; fileEncoding = 4; lastKnownFileType = sourcecode.swift; name = HomeViewController.swift; path = ViewController/HomeViewController.swift; sourceTree = "<group>"; };
		DDE410521A630E00008D9A13 /* LandingViewController.swift */ = {isa = PBXFileReference; fileEncoding = 4; lastKnownFileType = sourcecode.swift; name = LandingViewController.swift; path = ViewController/LandingViewController.swift; sourceTree = "<group>"; };
		DDE410541A630EA5008D9A13 /* HomeWireframe.swift */ = {isa = PBXFileReference; fileEncoding = 4; lastKnownFileType = sourcecode.swift; name = HomeWireframe.swift; path = Wireframe/HomeWireframe.swift; sourceTree = "<group>"; };
		DDE410561A6313C5008D9A13 /* BaseWireframe.swift */ = {isa = PBXFileReference; fileEncoding = 4; lastKnownFileType = sourcecode.swift; name = BaseWireframe.swift; path = Wireframe/BaseWireframe.swift; sourceTree = "<group>"; };
		DDE410581A632776008D9A13 /* SolidButton.swift */ = {isa = PBXFileReference; fileEncoding = 4; lastKnownFileType = sourcecode.swift; name = SolidButton.swift; path = View/SolidButton.swift; sourceTree = "<group>"; };
		DDE4105B1A63292D008D9A13 /* LandingPresenter.swift */ = {isa = PBXFileReference; fileEncoding = 4; lastKnownFileType = sourcecode.swift; name = LandingPresenter.swift; path = Presenter/LandingPresenter.swift; sourceTree = "<group>"; };
		DDFDD9A31A65661B001F4AFA /* CoreLocation.framework */ = {isa = PBXFileReference; lastKnownFileType = wrapper.framework; name = CoreLocation.framework; path = System/Library/Frameworks/CoreLocation.framework; sourceTree = SDKROOT; };
		DDFDD9A51A658B85001F4AFA /* Venue.swift */ = {isa = PBXFileReference; fileEncoding = 4; lastKnownFileType = sourcecode.swift; path = Venue.swift; sourceTree = "<group>"; };
		DDFDD9A71A658C77001F4AFA /* Point.swift */ = {isa = PBXFileReference; fileEncoding = 4; lastKnownFileType = sourcecode.swift; path = Point.swift; sourceTree = "<group>"; };
		E1F02D650142FCEEAED539E2 /* Pods_Rhymo_iOS.framework */ = {isa = PBXFileReference; explicitFileType = wrapper.framework; includeInIndex = 0; path = Pods_Rhymo_iOS.framework; sourceTree = BUILT_PRODUCTS_DIR; };
/* End PBXFileReference section */

/* Begin PBXFrameworksBuildPhase section */
		DD15CF151A62E0DB00812A70 /* Frameworks */ = {
			isa = PBXFrameworksBuildPhase;
			buildActionMask = 2147483647;
			files = (
				DDCC3BED1A668C3400071EDB /* MapKit.framework in Frameworks */,
				DDFDD9A41A65661B001F4AFA /* CoreLocation.framework in Frameworks */,
				95CE0E6633DCBA8F5F39E8A4 /* Pods_Rhymo_iOS.framework in Frameworks */,
			);
			runOnlyForDeploymentPostprocessing = 0;
		};
		DD15CF2C1A62E0DB00812A70 /* Frameworks */ = {
			isa = PBXFrameworksBuildPhase;
			buildActionMask = 2147483647;
			files = (
			);
			runOnlyForDeploymentPostprocessing = 0;
		};
/* End PBXFrameworksBuildPhase section */

/* Begin PBXGroup section */
		B4615EBD50575D33E019DBA9 /* Pods */ = {
			isa = PBXGroup;
			children = (
				5FDD20034E803DD162ABF232 /* Pods-Rhymo-iOS.debug.xcconfig */,
				8DD5EB6CCD74D2441677259E /* Pods-Rhymo-iOS.release.xcconfig */,
			);
			name = Pods;
			sourceTree = "<group>";
		};
		DD15CF0F1A62E0DB00812A70 = {
			isa = PBXGroup;
			children = (
				DD15CF1A1A62E0DB00812A70 /* Rhymo-iOS */,
				DD15CF321A62E0DB00812A70 /* Rhymo-iOSTests */,
				DD15CF191A62E0DB00812A70 /* Products */,
				B4615EBD50575D33E019DBA9 /* Pods */,
				F341DC48B3112F834C579838 /* Frameworks */,
			);
			sourceTree = "<group>";
		};
		DD15CF191A62E0DB00812A70 /* Products */ = {
			isa = PBXGroup;
			children = (
				DD15CF181A62E0DB00812A70 /* Rhymo-iOS.app */,
				DD15CF2F1A62E0DB00812A70 /* Rhymo-iOSTests.xctest */,
			);
			name = Products;
			sourceTree = "<group>";
		};
		DD15CF1A1A62E0DB00812A70 /* Rhymo-iOS */ = {
			isa = PBXGroup;
			children = (
				DD15CF1D1A62E0DB00812A70 /* AppDelegate.swift */,
				DD7BFDD71A6308DE009ADC4F /* AppDependencies.swift */,
				DDE4104F1A630D3B008D9A13 /* View */,
				DD7BFDE01A630B2D009ADC4F /* ViewController */,
				DDE4105A1A63285D008D9A13 /* Presenter */,
				DD7BFDD21A630043009ADC4F /* Interactor */,
				DD15CF441A62E83100812A70 /* Model */,
				DD7BFDDD1A630AB4009ADC4F /* Wireframe */,
				DDCD68E01A64355C0079089F /* Transition */,
				DD15CF411A62E71500812A70 /* Client */,
				DDA4313C1A65356C00513755 /* ThirdParty */,
				DD15CF261A62E0DB00812A70 /* Images.xcassets */,
				DD15CF281A62E0DB00812A70 /* LaunchScreen.xib */,
				DD15CF1B1A62E0DB00812A70 /* Supporting Files */,
			);
			path = "Rhymo-iOS";
			sourceTree = "<group>";
		};
		DD15CF1B1A62E0DB00812A70 /* Supporting Files */ = {
			isa = PBXGroup;
			children = (
				DD15CF1C1A62E0DB00812A70 /* Info.plist */,
				DD15CF401A62E65900812A70 /* Rhymo-iOS-Bridging-Header.h */,
			);
			name = "Supporting Files";
			sourceTree = "<group>";
		};
		DD15CF321A62E0DB00812A70 /* Rhymo-iOSTests */ = {
			isa = PBXGroup;
			children = (
				DD15CF351A62E0DB00812A70 /* Rhymo_iOSTests.swift */,
				DD15CF331A62E0DB00812A70 /* Supporting Files */,
			);
			path = "Rhymo-iOSTests";
			sourceTree = "<group>";
		};
		DD15CF331A62E0DB00812A70 /* Supporting Files */ = {
			isa = PBXGroup;
			children = (
				DD15CF341A62E0DB00812A70 /* Info.plist */,
			);
			name = "Supporting Files";
			sourceTree = "<group>";
		};
		DD15CF411A62E71500812A70 /* Client */ = {
			isa = PBXGroup;
			children = (
				DD15CF421A62E75C00812A70 /* RhymoClient.swift */,
				DD29BF2F1A65AF7700FC4EA3 /* Encryption.swift */,
				DDDE30931A6A7207001F33F3 /* RhymoSocket.swift */,
			);
			name = Client;
			sourceTree = "<group>";
		};
		DD15CF441A62E83100812A70 /* Model */ = {
			isa = PBXGroup;
			children = (
				DD15CF451A62E84B00812A70 /* User.swift */,
				DDFDD9A51A658B85001F4AFA /* Venue.swift */,
				DDFDD9A71A658C77001F4AFA /* Point.swift */,
				DDDE30951A6A7398001F33F3 /* Track.swift */,
				DDDE30971A6A73C5001F33F3 /* PlaylistTrack.swift */,
			);
			path = Model;
			sourceTree = "<group>";
		};
		DD7BFDD21A630043009ADC4F /* Interactor */ = {
			isa = PBXGroup;
			children = (
				DD30F8011A632CFD0033EB63 /* LandingInteractor.swift */,
				DD30F80D1A63335F0033EB63 /* LoginInteractor.swift */,
				DD470CFC1A63C59D0082F33D /* BaseInteractor.swift */,
				DD3646BF1A648786008CA1B6 /* VenuesListInteractor.swift */,
				DDD258B01A66E0E9008FD58B /* VenueDetailsInteractor.swift */,
				DDAAD7BA1A6AD33400355C71 /* SearchTracksInteractor.swift */,
			);
			name = Interactor;
			sourceTree = "<group>";
		};
		DD7BFDDD1A630AB4009ADC4F /* Wireframe */ = {
			isa = PBXGroup;
			children = (
				DD7BFDE31A630BE6009ADC4F /* RootWireframe.swift */,
				DDE410561A6313C5008D9A13 /* BaseWireframe.swift */,
				DD7BFDE11A630BBB009ADC4F /* AuthWireframe.swift */,
				DDE410541A630EA5008D9A13 /* HomeWireframe.swift */,
				DD30F8031A6331080033EB63 /* LoginWireframe.swift */,
				DD30F8051A6331210033EB63 /* RegisterWireframe.swift */,
				DDD258B41A66E119008FD58B /* VenueDetailsWireframe.swift */,
				DDAAD7B61A6AD10000355C71 /* SearchTracksWireframe.swift */,
			);
			name = Wireframe;
			sourceTree = "<group>";
		};
		DD7BFDE01A630B2D009ADC4F /* ViewController */ = {
			isa = PBXGroup;
			children = (
				DDE410501A630DD8008D9A13 /* HomeViewController.swift */,
				DDE410521A630E00008D9A13 /* LandingViewController.swift */,
				DD30F8071A6331700033EB63 /* LoginViewController.swift */,
				DD30F8091A63318F0033EB63 /* RegisterViewController.swift */,
				DDCD68E31A6436430079089F /* BaseViewController.swift */,
				DD3646BD1A648708008CA1B6 /* VenuesListViewController.swift */,
				DDD258AE1A66E0CE008FD58B /* VenueDetailsViewController.swift */,
				DDAAD7B41A6AB4A400355C71 /* SearchTracksViewController.swift */,
			);
			name = ViewController;
			sourceTree = "<group>";
		};
		DDA4313C1A65356C00513755 /* ThirdParty */ = {
			isa = PBXGroup;
			children = (
				DD7B2AD21A69CABE00A21780 /* UIImageEffects.h */,
				DD7B2AD31A69CABE00A21780 /* UIImageEffects.m */,
				DDA4313D1A65359300513755 /* UIColorExtension.swift */,
			);
			name = ThirdParty;
			sourceTree = "<group>";
		};
		DDCD68E01A64355C0079089F /* Transition */ = {
			isa = PBXGroup;
			children = (
				DDCD68E11A6435990079089F /* AuthCompleteTransition.swift */,
			);
			name = Transition;
			sourceTree = "<group>";
		};
		DDE4104F1A630D3B008D9A13 /* View */ = {
			isa = PBXGroup;
			children = (
				DD15CF231A62E0DB00812A70 /* Main.storyboard */,
				DD470D001A63C8350082F33D /* LoginContent.xib */,
				DDE410581A632776008D9A13 /* SolidButton.swift */,
				DD2174041A63E7FB0061D86F /* LineTextField.swift */,
				DDA4313F1A6558B500513755 /* VenuesListRefreshControl.swift */,
				DDAA4ECA1A666D1D00CF0C82 /* VenueCell.swift */,
				DDCC3BEE1A66924E00071EDB /* VenuesListHeader.xib */,
				DDCC3BF01A6699D800071EDB /* VenuesSectionHeader.xib */,
				DDDE30911A6A6C4F001F33F3 /* TracksSectionHeader.xib */,
				DD7B2AD51A69DC9D00A21780 /* TrackCell.swift */,
				DD75F9E51A6B2E18009A4E9E /* SearchTrackCell.swift */,
			);
			name = View;
			sourceTree = "<group>";
		};
		DDE4105A1A63285D008D9A13 /* Presenter */ = {
			isa = PBXGroup;
			children = (
				DDE4105B1A63292D008D9A13 /* LandingPresenter.swift */,
				DD30F80B1A6333190033EB63 /* LoginPresenter.swift */,
				DD470CFE1A63C7AE0082F33D /* BasePresenter.swift */,
				DD3646BB1A646E17008CA1B6 /* VenuesListPresenter.swift */,
				DDD258B21A66E0FF008FD58B /* VenueDetailsPresenter.swift */,
				DDAAD7B81A6AD1B400355C71 /* SearchTracksPresenter.swift */,
			);
			name = Presenter;
			sourceTree = "<group>";
		};
		F341DC48B3112F834C579838 /* Frameworks */ = {
			isa = PBXGroup;
			children = (
				DDCC3BEC1A668C3400071EDB /* MapKit.framework */,
				DDFDD9A31A65661B001F4AFA /* CoreLocation.framework */,
				E1F02D650142FCEEAED539E2 /* Pods_Rhymo_iOS.framework */,
			);
			name = Frameworks;
			sourceTree = "<group>";
		};
/* End PBXGroup section */

/* Begin PBXNativeTarget section */
		DD15CF171A62E0DB00812A70 /* Rhymo-iOS */ = {
			isa = PBXNativeTarget;
			buildConfigurationList = DD15CF391A62E0DB00812A70 /* Build configuration list for PBXNativeTarget "Rhymo-iOS" */;
			buildPhases = (
				63C76BC300D8A41E668BF681 /* Check Pods Manifest.lock */,
				DD15CF141A62E0DB00812A70 /* Sources */,
				DD15CF151A62E0DB00812A70 /* Frameworks */,
				DD15CF161A62E0DB00812A70 /* Resources */,
				2F4B05BDC67451174F072541 /* Embed Pods Frameworks */,
				2EFC95E4F5A9A43B802E417A /* Copy Pods Resources */,
			);
			buildRules = (
			);
			dependencies = (
			);
			name = "Rhymo-iOS";
			productName = "Rhymo-iOS";
			productReference = DD15CF181A62E0DB00812A70 /* Rhymo-iOS.app */;
			productType = "com.apple.product-type.application";
		};
		DD15CF2E1A62E0DB00812A70 /* Rhymo-iOSTests */ = {
			isa = PBXNativeTarget;
			buildConfigurationList = DD15CF3C1A62E0DB00812A70 /* Build configuration list for PBXNativeTarget "Rhymo-iOSTests" */;
			buildPhases = (
				DD15CF2B1A62E0DB00812A70 /* Sources */,
				DD15CF2C1A62E0DB00812A70 /* Frameworks */,
				DD15CF2D1A62E0DB00812A70 /* Resources */,
			);
			buildRules = (
			);
			dependencies = (
				DD15CF311A62E0DB00812A70 /* PBXTargetDependency */,
			);
			name = "Rhymo-iOSTests";
			productName = "Rhymo-iOSTests";
			productReference = DD15CF2F1A62E0DB00812A70 /* Rhymo-iOSTests.xctest */;
			productType = "com.apple.product-type.bundle.unit-test";
		};
/* End PBXNativeTarget section */

/* Begin PBXProject section */
		DD15CF101A62E0DB00812A70 /* Project object */ = {
			isa = PBXProject;
			attributes = {
				LastUpgradeCheck = 0610;
				ORGANIZATIONNAME = "Oguz Bilgener";
				TargetAttributes = {
					DD15CF171A62E0DB00812A70 = {
						CreatedOnToolsVersion = 6.1.1;
						DevelopmentTeam = X7N27TJG34;
					};
					DD15CF2E1A62E0DB00812A70 = {
						CreatedOnToolsVersion = 6.1.1;
						TestTargetID = DD15CF171A62E0DB00812A70;
					};
				};
			};
			buildConfigurationList = DD15CF131A62E0DB00812A70 /* Build configuration list for PBXProject "Rhymo-iOS" */;
			compatibilityVersion = "Xcode 3.2";
			developmentRegion = English;
			hasScannedForEncodings = 0;
			knownRegions = (
				en,
				Base,
			);
			mainGroup = DD15CF0F1A62E0DB00812A70;
			productRefGroup = DD15CF191A62E0DB00812A70 /* Products */;
			projectDirPath = "";
			projectRoot = "";
			targets = (
				DD15CF171A62E0DB00812A70 /* Rhymo-iOS */,
				DD15CF2E1A62E0DB00812A70 /* Rhymo-iOSTests */,
			);
		};
/* End PBXProject section */

/* Begin PBXResourcesBuildPhase section */
		DD15CF161A62E0DB00812A70 /* Resources */ = {
			isa = PBXResourcesBuildPhase;
			buildActionMask = 2147483647;
			files = (
				DD15CF251A62E0DB00812A70 /* Main.storyboard in Resources */,
				DD470D011A63C8350082F33D /* LoginContent.xib in Resources */,
				DDDE30921A6A6C4F001F33F3 /* TracksSectionHeader.xib in Resources */,
				DDCC3BEF1A66924E00071EDB /* VenuesListHeader.xib in Resources */,
				DD15CF2A1A62E0DB00812A70 /* LaunchScreen.xib in Resources */,
				DDCC3BF11A6699D800071EDB /* VenuesSectionHeader.xib in Resources */,
				DD15CF271A62E0DB00812A70 /* Images.xcassets in Resources */,
			);
			runOnlyForDeploymentPostprocessing = 0;
		};
		DD15CF2D1A62E0DB00812A70 /* Resources */ = {
			isa = PBXResourcesBuildPhase;
			buildActionMask = 2147483647;
			files = (
			);
			runOnlyForDeploymentPostprocessing = 0;
		};
/* End PBXResourcesBuildPhase section */

/* Begin PBXShellScriptBuildPhase section */
		2EFC95E4F5A9A43B802E417A /* Copy Pods Resources */ = {
			isa = PBXShellScriptBuildPhase;
			buildActionMask = 2147483647;
			files = (
			);
			inputPaths = (
			);
			name = "Copy Pods Resources";
			outputPaths = (
			);
			runOnlyForDeploymentPostprocessing = 0;
			shellPath = /bin/sh;
			shellScript = "\"${SRCROOT}/Pods/Target Support Files/Pods-Rhymo-iOS/Pods-Rhymo-iOS-resources.sh\"\n";
			showEnvVarsInLog = 0;
		};
		2F4B05BDC67451174F072541 /* Embed Pods Frameworks */ = {
			isa = PBXShellScriptBuildPhase;
			buildActionMask = 2147483647;
			files = (
			);
			inputPaths = (
			);
			name = "Embed Pods Frameworks";
			outputPaths = (
			);
			runOnlyForDeploymentPostprocessing = 0;
			shellPath = /bin/sh;
			shellScript = "\"${SRCROOT}/Pods/Target Support Files/Pods-Rhymo-iOS/Pods-Rhymo-iOS-frameworks.sh\"\n";
			showEnvVarsInLog = 0;
		};
		63C76BC300D8A41E668BF681 /* Check Pods Manifest.lock */ = {
			isa = PBXShellScriptBuildPhase;
			buildActionMask = 2147483647;
			files = (
			);
			inputPaths = (
			);
			name = "Check Pods Manifest.lock";
			outputPaths = (
			);
			runOnlyForDeploymentPostprocessing = 0;
			shellPath = /bin/sh;
			shellScript = "diff \"${PODS_ROOT}/../Podfile.lock\" \"${PODS_ROOT}/Manifest.lock\" > /dev/null\nif [[ $? != 0 ]] ; then\n    cat << EOM\nerror: The sandbox is not in sync with the Podfile.lock. Run 'pod install' or update your CocoaPods installation.\nEOM\n    exit 1\nfi\n";
			showEnvVarsInLog = 0;
		};
/* End PBXShellScriptBuildPhase section */

/* Begin PBXSourcesBuildPhase section */
		DD15CF141A62E0DB00812A70 /* Sources */ = {
			isa = PBXSourcesBuildPhase;
			buildActionMask = 2147483647;
			files = (
				DDFDD9A81A658C77001F4AFA /* Point.swift in Sources */,
				DD7B2AD61A69DC9E00A21780 /* TrackCell.swift in Sources */,
				DD15CF1E1A62E0DB00812A70 /* AppDelegate.swift in Sources */,
				DDD258AF1A66E0CE008FD58B /* VenueDetailsViewController.swift in Sources */,
				DDAAD7B91A6AD1B400355C71 /* SearchTracksPresenter.swift in Sources */,
				DDFDD9A61A658B85001F4AFA /* Venue.swift in Sources */,
				DDAAD7BB1A6AD33400355C71 /* SearchTracksInteractor.swift in Sources */,
				DD470CFF1A63C7AE0082F33D /* BasePresenter.swift in Sources */,
				DDD258B51A66E119008FD58B /* VenueDetailsWireframe.swift in Sources */,
				DD470CFD1A63C59D0082F33D /* BaseInteractor.swift in Sources */,
				DD30F80E1A63335F0033EB63 /* LoginInteractor.swift in Sources */,
				DD3646BE1A648708008CA1B6 /* VenuesListViewController.swift in Sources */,
				DD7BFDE41A630BE6009ADC4F /* RootWireframe.swift in Sources */,
				DDCD68E41A6436430079089F /* BaseViewController.swift in Sources */,
				DDE410571A6313C5008D9A13 /* BaseWireframe.swift in Sources */,
				DDD258B31A66E0FF008FD58B /* VenueDetailsPresenter.swift in Sources */,
				DD3646C01A648786008CA1B6 /* VenuesListInteractor.swift in Sources */,
				DDDE30981A6A73C5001F33F3 /* PlaylistTrack.swift in Sources */,
				DD75F9E61A6B2E18009A4E9E /* SearchTrackCell.swift in Sources */,
				DDCD68E21A6435990079089F /* AuthCompleteTransition.swift in Sources */,
				DD7BFDE21A630BBB009ADC4F /* AuthWireframe.swift in Sources */,
				DD30F8041A6331080033EB63 /* LoginWireframe.swift in Sources */,
				DDDE30961A6A7398001F33F3 /* Track.swift in Sources */,
				DD7BFDD81A6308DE009ADC4F /* AppDependencies.swift in Sources */,
				DDE410591A632776008D9A13 /* SolidButton.swift in Sources */,
				DDDE30941A6A7207001F33F3 /* RhymoSocket.swift in Sources */,
				DDE410511A630DD8008D9A13 /* HomeViewController.swift in Sources */,
				DDA4313E1A65359300513755 /* UIColorExtension.swift in Sources */,
				DDAA4ECB1A666D1D00CF0C82 /* VenueCell.swift in Sources */,
				DDAAD7B71A6AD10000355C71 /* SearchTracksWireframe.swift in Sources */,
				DD30F8021A632CFE0033EB63 /* LandingInteractor.swift in Sources */,
				DD15CF431A62E75C00812A70 /* RhymoClient.swift in Sources */,
				DD15CF461A62E84B00812A70 /* User.swift in Sources */,
				DDE410531A630E00008D9A13 /* LandingViewController.swift in Sources */,
				DD29BF301A65AF7700FC4EA3 /* Encryption.swift in Sources */,
				DDAAD7B51A6AB4A400355C71 /* SearchTracksViewController.swift in Sources */,
				DD30F80C1A6333190033EB63 /* LoginPresenter.swift in Sources */,
				DD7B2AD41A69CABE00A21780 /* UIImageEffects.m in Sources */,
				DD30F8081A6331700033EB63 /* LoginViewController.swift in Sources */,
				DD2174051A63E7FB0061D86F /* LineTextField.swift in Sources */,
				DD30F80A1A63318F0033EB63 /* RegisterViewController.swift in Sources */,
				DDE4105C1A63292D008D9A13 /* LandingPresenter.swift in Sources */,
				DD30F8061A6331210033EB63 /* RegisterWireframe.swift in Sources */,
				DDE410551A630EA5008D9A13 /* HomeWireframe.swift in Sources */,
				DDD258B11A66E0E9008FD58B /* VenueDetailsInteractor.swift in Sources */,
				DD3646BC1A646E17008CA1B6 /* VenuesListPresenter.swift in Sources */,
				DDA431401A6558B500513755 /* VenuesListRefreshControl.swift in Sources */,
			);
			runOnlyForDeploymentPostprocessing = 0;
		};
		DD15CF2B1A62E0DB00812A70 /* Sources */ = {
			isa = PBXSourcesBuildPhase;
			buildActionMask = 2147483647;
			files = (
				DD15CF361A62E0DB00812A70 /* Rhymo_iOSTests.swift in Sources */,
			);
			runOnlyForDeploymentPostprocessing = 0;
		};
/* End PBXSourcesBuildPhase section */

/* Begin PBXTargetDependency section */
		DD15CF311A62E0DB00812A70 /* PBXTargetDependency */ = {
			isa = PBXTargetDependency;
			target = DD15CF171A62E0DB00812A70 /* Rhymo-iOS */;
			targetProxy = DD15CF301A62E0DB00812A70 /* PBXContainerItemProxy */;
		};
/* End PBXTargetDependency section */

/* Begin PBXVariantGroup section */
		DD15CF231A62E0DB00812A70 /* Main.storyboard */ = {
			isa = PBXVariantGroup;
			children = (
				DD15CF241A62E0DB00812A70 /* Base */,
			);
			name = Main.storyboard;
			sourceTree = "<group>";
		};
		DD15CF281A62E0DB00812A70 /* LaunchScreen.xib */ = {
			isa = PBXVariantGroup;
			children = (
				DD15CF291A62E0DB00812A70 /* Base */,
			);
			name = LaunchScreen.xib;
			sourceTree = "<group>";
		};
/* End PBXVariantGroup section */

/* Begin XCBuildConfiguration section */
		DD15CF371A62E0DB00812A70 /* Debug */ = {
			isa = XCBuildConfiguration;
			buildSettings = {
				ALWAYS_SEARCH_USER_PATHS = NO;
				CLANG_CXX_LANGUAGE_STANDARD = "gnu++0x";
				CLANG_CXX_LIBRARY = "libc++";
				CLANG_ENABLE_MODULES = YES;
				CLANG_ENABLE_OBJC_ARC = YES;
				CLANG_WARN_BOOL_CONVERSION = YES;
				CLANG_WARN_CONSTANT_CONVERSION = YES;
				CLANG_WARN_DIRECT_OBJC_ISA_USAGE = YES_ERROR;
				CLANG_WARN_EMPTY_BODY = YES;
				CLANG_WARN_ENUM_CONVERSION = YES;
				CLANG_WARN_INT_CONVERSION = YES;
				CLANG_WARN_OBJC_ROOT_CLASS = YES_ERROR;
				CLANG_WARN_UNREACHABLE_CODE = YES;
				CLANG_WARN__DUPLICATE_METHOD_MATCH = YES;
				"CODE_SIGN_IDENTITY[sdk=iphoneos*]" = "iPhone Developer";
				COPY_PHASE_STRIP = NO;
				ENABLE_STRICT_OBJC_MSGSEND = YES;
				GCC_C_LANGUAGE_STANDARD = gnu99;
				GCC_DYNAMIC_NO_PIC = NO;
				GCC_OPTIMIZATION_LEVEL = 0;
				GCC_PREPROCESSOR_DEFINITIONS = (
					"DEBUG=1",
					"$(inherited)",
				);
				GCC_SYMBOLS_PRIVATE_EXTERN = NO;
				GCC_WARN_64_TO_32_BIT_CONVERSION = YES;
				GCC_WARN_ABOUT_RETURN_TYPE = YES_ERROR;
				GCC_WARN_UNDECLARED_SELECTOR = YES;
				GCC_WARN_UNINITIALIZED_AUTOS = YES_AGGRESSIVE;
				GCC_WARN_UNUSED_FUNCTION = YES;
				GCC_WARN_UNUSED_VARIABLE = YES;
				IPHONEOS_DEPLOYMENT_TARGET = 8.1;
				MTL_ENABLE_DEBUG_INFO = YES;
				ONLY_ACTIVE_ARCH = YES;
				SDKROOT = iphoneos;
				SWIFT_OPTIMIZATION_LEVEL = "-Onone";
			};
			name = Debug;
		};
		DD15CF381A62E0DB00812A70 /* Release */ = {
			isa = XCBuildConfiguration;
			buildSettings = {
				ALWAYS_SEARCH_USER_PATHS = NO;
				CLANG_CXX_LANGUAGE_STANDARD = "gnu++0x";
				CLANG_CXX_LIBRARY = "libc++";
				CLANG_ENABLE_MODULES = YES;
				CLANG_ENABLE_OBJC_ARC = YES;
				CLANG_WARN_BOOL_CONVERSION = YES;
				CLANG_WARN_CONSTANT_CONVERSION = YES;
				CLANG_WARN_DIRECT_OBJC_ISA_USAGE = YES_ERROR;
				CLANG_WARN_EMPTY_BODY = YES;
				CLANG_WARN_ENUM_CONVERSION = YES;
				CLANG_WARN_INT_CONVERSION = YES;
				CLANG_WARN_OBJC_ROOT_CLASS = YES_ERROR;
				CLANG_WARN_UNREACHABLE_CODE = YES;
				CLANG_WARN__DUPLICATE_METHOD_MATCH = YES;
				"CODE_SIGN_IDENTITY[sdk=iphoneos*]" = "iPhone Developer";
				COPY_PHASE_STRIP = YES;
				ENABLE_NS_ASSERTIONS = NO;
				ENABLE_STRICT_OBJC_MSGSEND = YES;
				GCC_C_LANGUAGE_STANDARD = gnu99;
				GCC_WARN_64_TO_32_BIT_CONVERSION = YES;
				GCC_WARN_ABOUT_RETURN_TYPE = YES_ERROR;
				GCC_WARN_UNDECLARED_SELECTOR = YES;
				GCC_WARN_UNINITIALIZED_AUTOS = YES_AGGRESSIVE;
				GCC_WARN_UNUSED_FUNCTION = YES;
				GCC_WARN_UNUSED_VARIABLE = YES;
				IPHONEOS_DEPLOYMENT_TARGET = 8.1;
				MTL_ENABLE_DEBUG_INFO = NO;
				SDKROOT = iphoneos;
				VALIDATE_PRODUCT = YES;
			};
			name = Release;
		};
		DD15CF3A1A62E0DB00812A70 /* Debug */ = {
			isa = XCBuildConfiguration;
			baseConfigurationReference = 5FDD20034E803DD162ABF232 /* Pods-Rhymo-iOS.debug.xcconfig */;
			buildSettings = {
				ASSETCATALOG_COMPILER_APPICON_NAME = AppIcon;
				CODE_SIGN_IDENTITY = "iPhone Developer";
				EMBEDDED_CONTENT_CONTAINS_SWIFT = YES;
				INFOPLIST_FILE = "Rhymo-iOS/Info.plist";
				IPHONEOS_DEPLOYMENT_TARGET = 8.0;
				LD_RUNPATH_SEARCH_PATHS = "$(inherited) @executable_path/Frameworks";
				PRODUCT_NAME = "$(TARGET_NAME)";
				SWIFT_OBJC_BRIDGING_HEADER = "Rhymo-iOS/Rhymo-iOS-Bridging-Header.h";
				USER_HEADER_SEARCH_PATHS = "Pods/**";
			};
			name = Debug;
		};
		DD15CF3B1A62E0DB00812A70 /* Release */ = {
			isa = XCBuildConfiguration;
			baseConfigurationReference = 8DD5EB6CCD74D2441677259E /* Pods-Rhymo-iOS.release.xcconfig */;
			buildSettings = {
				ASSETCATALOG_COMPILER_APPICON_NAME = AppIcon;
				CODE_SIGN_IDENTITY = "iPhone Developer";
				EMBEDDED_CONTENT_CONTAINS_SWIFT = YES;
				INFOPLIST_FILE = "Rhymo-iOS/Info.plist";
				IPHONEOS_DEPLOYMENT_TARGET = 8.0;
				LD_RUNPATH_SEARCH_PATHS = "$(inherited) @executable_path/Frameworks";
				PRODUCT_NAME = "$(TARGET_NAME)";
				SWIFT_OBJC_BRIDGING_HEADER = "Rhymo-iOS/Rhymo-iOS-Bridging-Header.h";
				USER_HEADER_SEARCH_PATHS = "Pods/**";
			};
			name = Release;
		};
		DD15CF3D1A62E0DB00812A70 /* Debug */ = {
			isa = XCBuildConfiguration;
			buildSettings = {
				BUNDLE_LOADER = "$(TEST_HOST)";
				FRAMEWORK_SEARCH_PATHS = (
					"$(SDKROOT)/Developer/Library/Frameworks",
					"$(inherited)",
				);
				GCC_PREPROCESSOR_DEFINITIONS = (
					"DEBUG=1",
					"$(inherited)",
				);
				INFOPLIST_FILE = "Rhymo-iOSTests/Info.plist";
				LD_RUNPATH_SEARCH_PATHS = "$(inherited) @executable_path/Frameworks @loader_path/Frameworks";
				PRODUCT_NAME = "$(TARGET_NAME)";
				TEST_HOST = "$(BUILT_PRODUCTS_DIR)/Rhymo-iOS.app/Rhymo-iOS";
			};
			name = Debug;
		};
		DD15CF3E1A62E0DB00812A70 /* Release */ = {
			isa = XCBuildConfiguration;
			buildSettings = {
				BUNDLE_LOADER = "$(TEST_HOST)";
				FRAMEWORK_SEARCH_PATHS = (
					"$(SDKROOT)/Developer/Library/Frameworks",
					"$(inherited)",
				);
				INFOPLIST_FILE = "Rhymo-iOSTests/Info.plist";
				LD_RUNPATH_SEARCH_PATHS = "$(inherited) @executable_path/Frameworks @loader_path/Frameworks";
				PRODUCT_NAME = "$(TARGET_NAME)";
				TEST_HOST = "$(BUILT_PRODUCTS_DIR)/Rhymo-iOS.app/Rhymo-iOS";
			};
			name = Release;
		};
/* End XCBuildConfiguration section */

/* Begin XCConfigurationList section */
		DD15CF131A62E0DB00812A70 /* Build configuration list for PBXProject "Rhymo-iOS" */ = {
			isa = XCConfigurationList;
			buildConfigurations = (
				DD15CF371A62E0DB00812A70 /* Debug */,
				DD15CF381A62E0DB00812A70 /* Release */,
			);
			defaultConfigurationIsVisible = 0;
			defaultConfigurationName = Release;
		};
		DD15CF391A62E0DB00812A70 /* Build configuration list for PBXNativeTarget "Rhymo-iOS" */ = {
			isa = XCConfigurationList;
			buildConfigurations = (
				DD15CF3A1A62E0DB00812A70 /* Debug */,
				DD15CF3B1A62E0DB00812A70 /* Release */,
			);
			defaultConfigurationIsVisible = 0;
			defaultConfigurationName = Release;
		};
		DD15CF3C1A62E0DB00812A70 /* Build configuration list for PBXNativeTarget "Rhymo-iOSTests" */ = {
			isa = XCConfigurationList;
			buildConfigurations = (
				DD15CF3D1A62E0DB00812A70 /* Debug */,
				DD15CF3E1A62E0DB00812A70 /* Release */,
			);
			defaultConfigurationIsVisible = 0;
			defaultConfigurationName = Release;
		};
/* End XCConfigurationList section */
	};
	rootObject = DD15CF101A62E0DB00812A70 /* Project object */;
}
